// !$*UTF8*$!
{
	archiveVersion = 1;
	classes = {
	};
	objectVersion = 50;
	objects = {

/* Begin PBXBuildFile section */
		468602732319727C00DAED22 /* LocationsViewController.swift in Sources */ = {isa = PBXBuildFile; fileRef = 468602722319727C00DAED22 /* LocationsViewController.swift */; };
		46A8729F231D57B4008EB200 /* LocationDetailsViewController.swift in Sources */ = {isa = PBXBuildFile; fileRef = 46A8729E231D57B4008EB200 /* LocationDetailsViewController.swift */; };
		46C0865523212CCD00C2F67D /* ParametersEncoding.swift in Sources */ = {isa = PBXBuildFile; fileRef = 46C0864523212CCD00C2F67D /* ParametersEncoding.swift */; };
		46C0865623212CCD00C2F67D /* NetworkResponse.swift in Sources */ = {isa = PBXBuildFile; fileRef = 46C0864623212CCD00C2F67D /* NetworkResponse.swift */; };
		46C0865723212CCD00C2F67D /* HTTPMethod.swift in Sources */ = {isa = PBXBuildFile; fileRef = 46C0864723212CCD00C2F67D /* HTTPMethod.swift */; };
		46C0865823212CCD00C2F67D /* Task.swift in Sources */ = {isa = PBXBuildFile; fileRef = 46C0864823212CCD00C2F67D /* Task.swift */; };
		46C0865923212CCD00C2F67D /* NetworkError.swift in Sources */ = {isa = PBXBuildFile; fileRef = 46C0864923212CCD00C2F67D /* NetworkError.swift */; };
		46C0865A23212CCD00C2F67D /* URLSessionProvider.swift in Sources */ = {isa = PBXBuildFile; fileRef = 46C0864B23212CCD00C2F67D /* URLSessionProvider.swift */; };
		46C0865B23212CCD00C2F67D /* URLComponentsExtension.swift in Sources */ = {isa = PBXBuildFile; fileRef = 46C0864D23212CCD00C2F67D /* URLComponentsExtension.swift */; };
		46C0865C23212CCD00C2F67D /* URLRequestExtension.swift in Sources */ = {isa = PBXBuildFile; fileRef = 46C0864E23212CCD00C2F67D /* URLRequestExtension.swift */; };
		46C0865D23212CCD00C2F67D /* ServiceProtocol.swift in Sources */ = {isa = PBXBuildFile; fileRef = 46C0865023212CCD00C2F67D /* ServiceProtocol.swift */; };
		46C0865E23212CCD00C2F67D /* URLSessionProtocol.swift in Sources */ = {isa = PBXBuildFile; fileRef = 46C0865123212CCD00C2F67D /* URLSessionProtocol.swift */; };
		46C0865F23212CCD00C2F67D /* ProviderProtocol.swift in Sources */ = {isa = PBXBuildFile; fileRef = 46C0865223212CCD00C2F67D /* ProviderProtocol.swift */; };
		46C0866023212CCD00C2F67D /* LocationService.swift in Sources */ = {isa = PBXBuildFile; fileRef = 46C0865423212CCD00C2F67D /* LocationService.swift */; };
		46C0866723212CF200C2F67D /* Geocoder.swift in Sources */ = {isa = PBXBuildFile; fileRef = 46C0866223212CF200C2F67D /* Geocoder.swift */; };
		46C0866823212CF200C2F67D /* Address.swift in Sources */ = {isa = PBXBuildFile; fileRef = 46C0866323212CF200C2F67D /* Address.swift */; };
		46C0866923212CF200C2F67D /* Character.swift in Sources */ = {isa = PBXBuildFile; fileRef = 46C0866423212CF200C2F67D /* Character.swift */; };
		46C0866A23212CF200C2F67D /* Suggestion.swift in Sources */ = {isa = PBXBuildFile; fileRef = 46C0866523212CF200C2F67D /* Suggestion.swift */; };
		46C0866B23212CF200C2F67D /* User.swift in Sources */ = {isa = PBXBuildFile; fileRef = 46C0866623212CF200C2F67D /* User.swift */; };
		46C0867323212D1200C2F67D /* UserLocation.swift in Sources */ = {isa = PBXBuildFile; fileRef = 46C0866E23212D1200C2F67D /* UserLocation.swift */; };
		46C0867423212D1200C2F67D /* LocationProvider.swift in Sources */ = {isa = PBXBuildFile; fileRef = 46C0866F23212D1200C2F67D /* LocationProvider.swift */; };
		46C0867523212D1200C2F67D /* UserLocationProvider.swift in Sources */ = {isa = PBXBuildFile; fileRef = 46C0867023212D1200C2F67D /* UserLocationProvider.swift */; };
		46C0867623212D1200C2F67D /* UserLocationService.swift in Sources */ = {isa = PBXBuildFile; fileRef = 46C0867223212D1200C2F67D /* UserLocationService.swift */; };
		46C0867B23212D2B00C2F67D /* Assets.xcassets in Resources */ = {isa = PBXBuildFile; fileRef = 46C0867823212D2B00C2F67D /* Assets.xcassets */; };
		46C0867C23212D2B00C2F67D /* LaunchScreen.storyboard in Resources */ = {isa = PBXBuildFile; fileRef = 46C0867923212D2B00C2F67D /* LaunchScreen.storyboard */; };
		7E4141EC219EE66000ADFA76 /* AppDelegate.swift in Sources */ = {isa = PBXBuildFile; fileRef = 7E4141EB219EE66000ADFA76 /* AppDelegate.swift */; };
/* End PBXBuildFile section */

/* Begin PBXContainerItemProxy section */
		7E4141FD219EE66600ADFA76 /* PBXContainerItemProxy */ = {
			isa = PBXContainerItemProxy;
			containerPortal = 7E4141E0219EE66000ADFA76 /* Project object */;
			proxyType = 1;
			remoteGlobalIDString = 7E4141E7219EE66000ADFA76;
			remoteInfo = Marvel;
		};
/* End PBXContainerItemProxy section */

/* Begin PBXFileReference section */
		468602722319727C00DAED22 /* LocationsViewController.swift */ = {isa = PBXFileReference; lastKnownFileType = sourcecode.swift; path = LocationsViewController.swift; sourceTree = "<group>"; };
		46A8729E231D57B4008EB200 /* LocationDetailsViewController.swift */ = {isa = PBXFileReference; lastKnownFileType = sourcecode.swift; path = LocationDetailsViewController.swift; sourceTree = "<group>"; };
		46C0864523212CCD00C2F67D /* ParametersEncoding.swift */ = {isa = PBXFileReference; fileEncoding = 4; lastKnownFileType = sourcecode.swift; path = ParametersEncoding.swift; sourceTree = "<group>"; };
		46C0864623212CCD00C2F67D /* NetworkResponse.swift */ = {isa = PBXFileReference; fileEncoding = 4; lastKnownFileType = sourcecode.swift; path = NetworkResponse.swift; sourceTree = "<group>"; };
		46C0864723212CCD00C2F67D /* HTTPMethod.swift */ = {isa = PBXFileReference; fileEncoding = 4; lastKnownFileType = sourcecode.swift; path = HTTPMethod.swift; sourceTree = "<group>"; };
		46C0864823212CCD00C2F67D /* Task.swift */ = {isa = PBXFileReference; fileEncoding = 4; lastKnownFileType = sourcecode.swift; path = Task.swift; sourceTree = "<group>"; };
		46C0864923212CCD00C2F67D /* NetworkError.swift */ = {isa = PBXFileReference; fileEncoding = 4; lastKnownFileType = sourcecode.swift; path = NetworkError.swift; sourceTree = "<group>"; };
		46C0864B23212CCD00C2F67D /* URLSessionProvider.swift */ = {isa = PBXFileReference; fileEncoding = 4; lastKnownFileType = sourcecode.swift; path = URLSessionProvider.swift; sourceTree = "<group>"; };
		46C0864D23212CCD00C2F67D /* URLComponentsExtension.swift */ = {isa = PBXFileReference; fileEncoding = 4; lastKnownFileType = sourcecode.swift; path = URLComponentsExtension.swift; sourceTree = "<group>"; };
		46C0864E23212CCD00C2F67D /* URLRequestExtension.swift */ = {isa = PBXFileReference; fileEncoding = 4; lastKnownFileType = sourcecode.swift; path = URLRequestExtension.swift; sourceTree = "<group>"; };
		46C0865023212CCD00C2F67D /* ServiceProtocol.swift */ = {isa = PBXFileReference; fileEncoding = 4; lastKnownFileType = sourcecode.swift; path = ServiceProtocol.swift; sourceTree = "<group>"; };
		46C0865123212CCD00C2F67D /* URLSessionProtocol.swift */ = {isa = PBXFileReference; fileEncoding = 4; lastKnownFileType = sourcecode.swift; path = URLSessionProtocol.swift; sourceTree = "<group>"; };
		46C0865223212CCD00C2F67D /* ProviderProtocol.swift */ = {isa = PBXFileReference; fileEncoding = 4; lastKnownFileType = sourcecode.swift; path = ProviderProtocol.swift; sourceTree = "<group>"; };
		46C0865423212CCD00C2F67D /* LocationService.swift */ = {isa = PBXFileReference; fileEncoding = 4; lastKnownFileType = sourcecode.swift; path = LocationService.swift; sourceTree = "<group>"; };
		46C0866223212CF200C2F67D /* Geocoder.swift */ = {isa = PBXFileReference; fileEncoding = 4; lastKnownFileType = sourcecode.swift; path = Geocoder.swift; sourceTree = "<group>"; };
		46C0866323212CF200C2F67D /* Address.swift */ = {isa = PBXFileReference; fileEncoding = 4; lastKnownFileType = sourcecode.swift; path = Address.swift; sourceTree = "<group>"; };
		46C0866423212CF200C2F67D /* Character.swift */ = {isa = PBXFileReference; fileEncoding = 4; lastKnownFileType = sourcecode.swift; path = Character.swift; sourceTree = "<group>"; };
		46C0866523212CF200C2F67D /* Suggestion.swift */ = {isa = PBXFileReference; fileEncoding = 4; lastKnownFileType = sourcecode.swift; path = Suggestion.swift; sourceTree = "<group>"; };
		46C0866623212CF200C2F67D /* User.swift */ = {isa = PBXFileReference; fileEncoding = 4; lastKnownFileType = sourcecode.swift; path = User.swift; sourceTree = "<group>"; };
		46C0866E23212D1200C2F67D /* UserLocation.swift */ = {isa = PBXFileReference; fileEncoding = 4; lastKnownFileType = sourcecode.swift; path = UserLocation.swift; sourceTree = "<group>"; };
		46C0866F23212D1200C2F67D /* LocationProvider.swift */ = {isa = PBXFileReference; fileEncoding = 4; lastKnownFileType = sourcecode.swift; path = LocationProvider.swift; sourceTree = "<group>"; };
		46C0867023212D1200C2F67D /* UserLocationProvider.swift */ = {isa = PBXFileReference; fileEncoding = 4; lastKnownFileType = sourcecode.swift; path = UserLocationProvider.swift; sourceTree = "<group>"; };
		46C0867223212D1200C2F67D /* UserLocationService.swift */ = {isa = PBXFileReference; fileEncoding = 4; lastKnownFileType = sourcecode.swift; path = UserLocationService.swift; sourceTree = "<group>"; };
		46C0867823212D2B00C2F67D /* Assets.xcassets */ = {isa = PBXFileReference; lastKnownFileType = folder.assetcatalog; path = Assets.xcassets; sourceTree = "<group>"; };
		46C0867A23212D2B00C2F67D /* Base */ = {isa = PBXFileReference; lastKnownFileType = file.storyboard; name = Base; path = Base.lproj/LaunchScreen.storyboard; sourceTree = "<group>"; };
		7E4141E8219EE66000ADFA76 /* CriticalTechWorks.app */ = {isa = PBXFileReference; explicitFileType = wrapper.application; includeInIndex = 0; path = CriticalTechWorks.app; sourceTree = BUILT_PRODUCTS_DIR; };
		7E4141EB219EE66000ADFA76 /* AppDelegate.swift */ = {isa = PBXFileReference; lastKnownFileType = sourcecode.swift; path = AppDelegate.swift; sourceTree = "<group>"; };
		7E4141F7219EE66500ADFA76 /* Info.plist */ = {isa = PBXFileReference; lastKnownFileType = text.plist.xml; path = Info.plist; sourceTree = "<group>"; };
		7E4141FC219EE66600ADFA76 /* CriticalTechWorksTests.xctest */ = {isa = PBXFileReference; explicitFileType = wrapper.cfbundle; includeInIndex = 0; path = CriticalTechWorksTests.xctest; sourceTree = BUILT_PRODUCTS_DIR; };
/* End PBXFileReference section */

/* Begin PBXFrameworksBuildPhase section */
		7E4141E5219EE66000ADFA76 /* Frameworks */ = {
			isa = PBXFrameworksBuildPhase;
			buildActionMask = 2147483647;
			files = (
			);
			runOnlyForDeploymentPostprocessing = 0;
		};
		7E4141F9219EE66600ADFA76 /* Frameworks */ = {
			isa = PBXFrameworksBuildPhase;
			buildActionMask = 2147483647;
			files = (
			);
			runOnlyForDeploymentPostprocessing = 0;
		};
/* End PBXFrameworksBuildPhase section */

/* Begin PBXGroup section */
		46C0864323212CCD00C2F67D /* Networking */ = {
			isa = PBXGroup;
			children = (
				46C0864423212CCD00C2F67D /* Enums */,
				46C0864A23212CCD00C2F67D /* Provider */,
				46C0864C23212CCD00C2F67D /* Extensions */,
				46C0864F23212CCD00C2F67D /* Protocols */,
				46C0865323212CCD00C2F67D /* Services */,
			);
			name = Networking;
			path = CriticalTechWorks/Networking;
			sourceTree = SOURCE_ROOT;
		};
		46C0864423212CCD00C2F67D /* Enums */ = {
			isa = PBXGroup;
			children = (
				46C0864523212CCD00C2F67D /* ParametersEncoding.swift */,
				46C0864623212CCD00C2F67D /* NetworkResponse.swift */,
				46C0864723212CCD00C2F67D /* HTTPMethod.swift */,
				46C0864823212CCD00C2F67D /* Task.swift */,
				46C0864923212CCD00C2F67D /* NetworkError.swift */,
			);
			path = Enums;
			sourceTree = "<group>";
		};
		46C0864A23212CCD00C2F67D /* Provider */ = {
			isa = PBXGroup;
			children = (
				46C0864B23212CCD00C2F67D /* URLSessionProvider.swift */,
			);
			path = Provider;
			sourceTree = "<group>";
		};
		46C0864C23212CCD00C2F67D /* Extensions */ = {
			isa = PBXGroup;
			children = (
				46C0864D23212CCD00C2F67D /* URLComponentsExtension.swift */,
				46C0864E23212CCD00C2F67D /* URLRequestExtension.swift */,
			);
			path = Extensions;
			sourceTree = "<group>";
		};
		46C0864F23212CCD00C2F67D /* Protocols */ = {
			isa = PBXGroup;
			children = (
				46C0865023212CCD00C2F67D /* ServiceProtocol.swift */,
				46C0865123212CCD00C2F67D /* URLSessionProtocol.swift */,
				46C0865223212CCD00C2F67D /* ProviderProtocol.swift */,
			);
			path = Protocols;
			sourceTree = "<group>";
		};
		46C0865323212CCD00C2F67D /* Services */ = {
			isa = PBXGroup;
			children = (
				46C0865423212CCD00C2F67D /* LocationService.swift */,
			);
			path = Services;
			sourceTree = "<group>";
		};
		46C0866123212CF200C2F67D /* Model */ = {
			isa = PBXGroup;
			children = (
				46C0866223212CF200C2F67D /* Geocoder.swift */,
				46C0866323212CF200C2F67D /* Address.swift */,
				46C0866423212CF200C2F67D /* Character.swift */,
				46C0866523212CF200C2F67D /* Suggestion.swift */,
				46C0866623212CF200C2F67D /* User.swift */,
			);
			name = Model;
			path = CriticalTechWorks/Model;
			sourceTree = SOURCE_ROOT;
		};
		46C0866C23212D1200C2F67D /* Location */ = {
			isa = PBXGroup;
			children = (
				46C0866D23212D1200C2F67D /* Protocol */,
				46C0867123212D1200C2F67D /* Service */,
			);
			name = Location;
			path = CriticalTechWorks/Location;
			sourceTree = SOURCE_ROOT;
		};
		46C0866D23212D1200C2F67D /* Protocol */ = {
			isa = PBXGroup;
			children = (
				46C0866E23212D1200C2F67D /* UserLocation.swift */,
				46C0866F23212D1200C2F67D /* LocationProvider.swift */,
				46C0867023212D1200C2F67D /* UserLocationProvider.swift */,
			);
			path = Protocol;
			sourceTree = "<group>";
		};
		46C0867123212D1200C2F67D /* Service */ = {
			isa = PBXGroup;
			children = (
				46C0867223212D1200C2F67D /* UserLocationService.swift */,
			);
			path = Service;
			sourceTree = "<group>";
		};
		46C0867723212D2B00C2F67D /* Resources */ = {
			isa = PBXGroup;
			children = (
				46C0867823212D2B00C2F67D /* Assets.xcassets */,
				46C0867923212D2B00C2F67D /* LaunchScreen.storyboard */,
			);
			name = Resources;
			path = CriticalTechWorks/Resources;
			sourceTree = SOURCE_ROOT;
		};
		7E4141DF219EE66000ADFA76 = {
			isa = PBXGroup;
			children = (
				7E4141EA219EE66000ADFA76 /* CriticalTechworks */,
				7E4141E9219EE66000ADFA76 /* Products */,
			);
			sourceTree = "<group>";
		};
		7E4141E9219EE66000ADFA76 /* Products */ = {
			isa = PBXGroup;
			children = (
				7E4141E8219EE66000ADFA76 /* CriticalTechWorks.app */,
				7E4141FC219EE66600ADFA76 /* CriticalTechWorksTests.xctest */,
			);
			name = Products;
			sourceTree = "<group>";
		};
		7E4141EA219EE66000ADFA76 /* CriticalTechworks */ = {
			isa = PBXGroup;
			children = (
				7E4141EB219EE66000ADFA76 /* AppDelegate.swift */,
				46C0866123212CF200C2F67D /* Model */,
				7E414211219EE83B00ADFA76 /* Controller */,
				46C0864323212CCD00C2F67D /* Networking */,
				46C0866C23212D1200C2F67D /* Location */,
				46C0867723212D2B00C2F67D /* Resources */,
				7E4141F7219EE66500ADFA76 /* Info.plist */,
			);
			path = CriticalTechworks;
			sourceTree = "<group>";
		};
		7E414211219EE83B00ADFA76 /* Controller */ = {
			isa = PBXGroup;
			children = (
				468602722319727C00DAED22 /* LocationsViewController.swift */,
				46A8729E231D57B4008EB200 /* LocationDetailsViewController.swift */,
			);
			path = Controller;
			sourceTree = "<group>";
		};
/* End PBXGroup section */

/* Begin PBXNativeTarget section */
		7E4141E7219EE66000ADFA76 /* CriticalTechWorks */ = {
			isa = PBXNativeTarget;
			buildConfigurationList = 7E414205219EE66600ADFA76 /* Build configuration list for PBXNativeTarget "CriticalTechWorks" */;
			buildPhases = (
				7E4141E4219EE66000ADFA76 /* Sources */,
				7E4141E5219EE66000ADFA76 /* Frameworks */,
				7E4141E6219EE66000ADFA76 /* Resources */,
			);
			buildRules = (
			);
			dependencies = (
			);
			name = CriticalTechWorks;
			productName = Marvel;
			productReference = 7E4141E8219EE66000ADFA76 /* CriticalTechWorks.app */;
			productType = "com.apple.product-type.application";
		};
		7E4141FB219EE66600ADFA76 /* CriticalTechWorksTests */ = {
			isa = PBXNativeTarget;
			buildConfigurationList = 7E414208219EE66600ADFA76 /* Build configuration list for PBXNativeTarget "CriticalTechWorksTests" */;
			buildPhases = (
				7E4141F8219EE66600ADFA76 /* Sources */,
				7E4141F9219EE66600ADFA76 /* Frameworks */,
				7E4141FA219EE66600ADFA76 /* Resources */,
			);
			buildRules = (
			);
			dependencies = (
				7E4141FE219EE66600ADFA76 /* PBXTargetDependency */,
			);
			name = CriticalTechWorksTests;
			productName = MarvelTests;
			productReference = 7E4141FC219EE66600ADFA76 /* CriticalTechWorksTests.xctest */;
			productType = "com.apple.product-type.bundle.unit-test";
		};
/* End PBXNativeTarget section */

/* Begin PBXProject section */
		7E4141E0219EE66000ADFA76 /* Project object */ = {
			isa = PBXProject;
			attributes = {
				LastSwiftUpdateCheck = 1010;
				LastUpgradeCheck = 1010;
				TargetAttributes = {
					7E4141E7219EE66000ADFA76 = {
						CreatedOnToolsVersion = 10.1;
					};
					7E4141FB219EE66600ADFA76 = {
						CreatedOnToolsVersion = 10.1;
						TestTargetID = 7E4141E7219EE66000ADFA76;
					};
				};
			};
			buildConfigurationList = 7E4141E3219EE66000ADFA76 /* Build configuration list for PBXProject "CriticalTechWorks" */;
			compatibilityVersion = "Xcode 9.3";
			developmentRegion = en;
			hasScannedForEncodings = 0;
			knownRegions = (
				en,
				Base,
			);
			mainGroup = 7E4141DF219EE66000ADFA76;
			productRefGroup = 7E4141E9219EE66000ADFA76 /* Products */;
			projectDirPath = "";
			projectRoot = "";
			targets = (
				7E4141E7219EE66000ADFA76 /* CriticalTechWorks */,
				7E4141FB219EE66600ADFA76 /* CriticalTechWorksTests */,
			);
		};
/* End PBXProject section */

/* Begin PBXResourcesBuildPhase section */
		7E4141E6219EE66000ADFA76 /* Resources */ = {
			isa = PBXResourcesBuildPhase;
			buildActionMask = 2147483647;
			files = (
				46C0867B23212D2B00C2F67D /* Assets.xcassets in Resources */,
				46C0867C23212D2B00C2F67D /* LaunchScreen.storyboard in Resources */,
			);
			runOnlyForDeploymentPostprocessing = 0;
		};
		7E4141FA219EE66600ADFA76 /* Resources */ = {
			isa = PBXResourcesBuildPhase;
			buildActionMask = 2147483647;
			files = (
			);
			runOnlyForDeploymentPostprocessing = 0;
		};
/* End PBXResourcesBuildPhase section */

/* Begin PBXSourcesBuildPhase section */
		7E4141E4219EE66000ADFA76 /* Sources */ = {
			isa = PBXSourcesBuildPhase;
			buildActionMask = 2147483647;
			files = (
				46C0867523212D1200C2F67D /* UserLocationProvider.swift in Sources */,
				46C0867623212D1200C2F67D /* UserLocationService.swift in Sources */,
				46C0865B23212CCD00C2F67D /* URLComponentsExtension.swift in Sources */,
				46C0866723212CF200C2F67D /* Geocoder.swift in Sources */,
				46C0865523212CCD00C2F67D /* ParametersEncoding.swift in Sources */,
				46C0866B23212CF200C2F67D /* User.swift in Sources */,
				46A8729F231D57B4008EB200 /* LocationDetailsViewController.swift in Sources */,
				46C0867423212D1200C2F67D /* LocationProvider.swift in Sources */,
				46C0865A23212CCD00C2F67D /* URLSessionProvider.swift in Sources */,
				7E4141EC219EE66000ADFA76 /* AppDelegate.swift in Sources */,
				46C0866A23212CF200C2F67D /* Suggestion.swift in Sources */,
				46C0866923212CF200C2F67D /* Character.swift in Sources */,
				46C0865623212CCD00C2F67D /* NetworkResponse.swift in Sources */,
				46C0865F23212CCD00C2F67D /* ProviderProtocol.swift in Sources */,
				46C0865723212CCD00C2F67D /* HTTPMethod.swift in Sources */,
				46C0866023212CCD00C2F67D /* LocationService.swift in Sources */,
				46C0865923212CCD00C2F67D /* NetworkError.swift in Sources */,
				46C0865E23212CCD00C2F67D /* URLSessionProtocol.swift in Sources */,
				46C0865C23212CCD00C2F67D /* URLRequestExtension.swift in Sources */,
				46C0867323212D1200C2F67D /* UserLocation.swift in Sources */,
				46C0865823212CCD00C2F67D /* Task.swift in Sources */,
				468602732319727C00DAED22 /* LocationsViewController.swift in Sources */,
				46C0866823212CF200C2F67D /* Address.swift in Sources */,
				46C0865D23212CCD00C2F67D /* ServiceProtocol.swift in Sources */,
			);
			runOnlyForDeploymentPostprocessing = 0;
		};
		7E4141F8219EE66600ADFA76 /* Sources */ = {
			isa = PBXSourcesBuildPhase;
			buildActionMask = 2147483647;
			files = (
			);
			runOnlyForDeploymentPostprocessing = 0;
		};
/* End PBXSourcesBuildPhase section */

/* Begin PBXTargetDependency section */
		7E4141FE219EE66600ADFA76 /* PBXTargetDependency */ = {
			isa = PBXTargetDependency;
			target = 7E4141E7219EE66000ADFA76 /* CriticalTechWorks */;
			targetProxy = 7E4141FD219EE66600ADFA76 /* PBXContainerItemProxy */;
		};
/* End PBXTargetDependency section */

/* Begin PBXVariantGroup section */
		46C0867923212D2B00C2F67D /* LaunchScreen.storyboard */ = {
			isa = PBXVariantGroup;
			children = (
				46C0867A23212D2B00C2F67D /* Base */,
			);
			name = LaunchScreen.storyboard;
			sourceTree = "<group>";
		};
/* End PBXVariantGroup section */

/* Begin XCBuildConfiguration section */
		7E414203219EE66600ADFA76 /* Debug */ = {
			isa = XCBuildConfiguration;
			buildSettings = {
				ALWAYS_SEARCH_USER_PATHS = NO;
				CLANG_ANALYZER_NONNULL = YES;
				CLANG_ANALYZER_NUMBER_OBJECT_CONVERSION = YES_AGGRESSIVE;
				CLANG_CXX_LANGUAGE_STANDARD = "gnu++14";
				CLANG_CXX_LIBRARY = "libc++";
				CLANG_ENABLE_MODULES = YES;
				CLANG_ENABLE_OBJC_ARC = YES;
				CLANG_ENABLE_OBJC_WEAK = YES;
				CLANG_WARN_BLOCK_CAPTURE_AUTORELEASING = YES;
				CLANG_WARN_BOOL_CONVERSION = YES;
				CLANG_WARN_COMMA = YES;
				CLANG_WARN_CONSTANT_CONVERSION = YES;
				CLANG_WARN_DEPRECATED_OBJC_IMPLEMENTATIONS = YES;
				CLANG_WARN_DIRECT_OBJC_ISA_USAGE = YES_ERROR;
				CLANG_WARN_DOCUMENTATION_COMMENTS = YES;
				CLANG_WARN_EMPTY_BODY = YES;
				CLANG_WARN_ENUM_CONVERSION = YES;
				CLANG_WARN_INFINITE_RECURSION = YES;
				CLANG_WARN_INT_CONVERSION = YES;
				CLANG_WARN_NON_LITERAL_NULL_CONVERSION = YES;
				CLANG_WARN_OBJC_IMPLICIT_RETAIN_SELF = YES;
				CLANG_WARN_OBJC_LITERAL_CONVERSION = YES;
				CLANG_WARN_OBJC_ROOT_CLASS = YES_ERROR;
				CLANG_WARN_RANGE_LOOP_ANALYSIS = YES;
				CLANG_WARN_STRICT_PROTOTYPES = YES;
				CLANG_WARN_SUSPICIOUS_MOVE = YES;
				CLANG_WARN_UNGUARDED_AVAILABILITY = YES_AGGRESSIVE;
				CLANG_WARN_UNREACHABLE_CODE = YES;
				CLANG_WARN__DUPLICATE_METHOD_MATCH = YES;
				CODE_SIGN_IDENTITY = "iPhone Developer";
				COPY_PHASE_STRIP = NO;
				DEBUG_INFORMATION_FORMAT = dwarf;
				ENABLE_STRICT_OBJC_MSGSEND = YES;
				ENABLE_TESTABILITY = YES;
				GCC_C_LANGUAGE_STANDARD = gnu11;
				GCC_DYNAMIC_NO_PIC = NO;
				GCC_NO_COMMON_BLOCKS = YES;
				GCC_OPTIMIZATION_LEVEL = 0;
				GCC_PREPROCESSOR_DEFINITIONS = (
					"DEBUG=1",
					"$(inherited)",
				);
				GCC_WARN_64_TO_32_BIT_CONVERSION = YES;
				GCC_WARN_ABOUT_RETURN_TYPE = YES_ERROR;
				GCC_WARN_UNDECLARED_SELECTOR = YES;
				GCC_WARN_UNINITIALIZED_AUTOS = YES_AGGRESSIVE;
				GCC_WARN_UNUSED_FUNCTION = YES;
				GCC_WARN_UNUSED_VARIABLE = YES;
				IPHONEOS_DEPLOYMENT_TARGET = 12.1;
				MTL_ENABLE_DEBUG_INFO = INCLUDE_SOURCE;
				MTL_FAST_MATH = YES;
				ONLY_ACTIVE_ARCH = YES;
				SDKROOT = iphoneos;
				SWIFT_ACTIVE_COMPILATION_CONDITIONS = DEBUG;
				SWIFT_OPTIMIZATION_LEVEL = "-Onone";
			};
			name = Debug;
		};
		7E414204219EE66600ADFA76 /* Release */ = {
			isa = XCBuildConfiguration;
			buildSettings = {
				ALWAYS_SEARCH_USER_PATHS = NO;
				CLANG_ANALYZER_NONNULL = YES;
				CLANG_ANALYZER_NUMBER_OBJECT_CONVERSION = YES_AGGRESSIVE;
				CLANG_CXX_LANGUAGE_STANDARD = "gnu++14";
				CLANG_CXX_LIBRARY = "libc++";
				CLANG_ENABLE_MODULES = YES;
				CLANG_ENABLE_OBJC_ARC = YES;
				CLANG_ENABLE_OBJC_WEAK = YES;
				CLANG_WARN_BLOCK_CAPTURE_AUTORELEASING = YES;
				CLANG_WARN_BOOL_CONVERSION = YES;
				CLANG_WARN_COMMA = YES;
				CLANG_WARN_CONSTANT_CONVERSION = YES;
				CLANG_WARN_DEPRECATED_OBJC_IMPLEMENTATIONS = YES;
				CLANG_WARN_DIRECT_OBJC_ISA_USAGE = YES_ERROR;
				CLANG_WARN_DOCUMENTATION_COMMENTS = YES;
				CLANG_WARN_EMPTY_BODY = YES;
				CLANG_WARN_ENUM_CONVERSION = YES;
				CLANG_WARN_INFINITE_RECURSION = YES;
				CLANG_WARN_INT_CONVERSION = YES;
				CLANG_WARN_NON_LITERAL_NULL_CONVERSION = YES;
				CLANG_WARN_OBJC_IMPLICIT_RETAIN_SELF = YES;
				CLANG_WARN_OBJC_LITERAL_CONVERSION = YES;
				CLANG_WARN_OBJC_ROOT_CLASS = YES_ERROR;
				CLANG_WARN_RANGE_LOOP_ANALYSIS = YES;
				CLANG_WARN_STRICT_PROTOTYPES = YES;
				CLANG_WARN_SUSPICIOUS_MOVE = YES;
				CLANG_WARN_UNGUARDED_AVAILABILITY = YES_AGGRESSIVE;
				CLANG_WARN_UNREACHABLE_CODE = YES;
				CLANG_WARN__DUPLICATE_METHOD_MATCH = YES;
				CODE_SIGN_IDENTITY = "iPhone Developer";
				COPY_PHASE_STRIP = NO;
				DEBUG_INFORMATION_FORMAT = "dwarf-with-dsym";
				ENABLE_NS_ASSERTIONS = NO;
				ENABLE_STRICT_OBJC_MSGSEND = YES;
				GCC_C_LANGUAGE_STANDARD = gnu11;
				GCC_NO_COMMON_BLOCKS = YES;
				GCC_WARN_64_TO_32_BIT_CONVERSION = YES;
				GCC_WARN_ABOUT_RETURN_TYPE = YES_ERROR;
				GCC_WARN_UNDECLARED_SELECTOR = YES;
				GCC_WARN_UNINITIALIZED_AUTOS = YES_AGGRESSIVE;
				GCC_WARN_UNUSED_FUNCTION = YES;
				GCC_WARN_UNUSED_VARIABLE = YES;
				IPHONEOS_DEPLOYMENT_TARGET = 12.1;
				MTL_ENABLE_DEBUG_INFO = NO;
				MTL_FAST_MATH = YES;
				SDKROOT = iphoneos;
				SWIFT_COMPILATION_MODE = wholemodule;
				SWIFT_OPTIMIZATION_LEVEL = "-O";
				VALIDATE_PRODUCT = YES;
			};
			name = Release;
		};
		7E414206219EE66600ADFA76 /* Debug */ = {
			isa = XCBuildConfiguration;
			buildSettings = {
				ASSETCATALOG_COMPILER_APPICON_NAME = AppIcon;
				CODE_SIGN_STYLE = Automatic;
				DEVELOPMENT_TEAM = CEWUHN7W92;
				INFOPLIST_FILE = "$(SRCROOT)/CriticalTechworks/Info.plist";
				IPHONEOS_DEPLOYMENT_TARGET = 11.0;
				LD_RUNPATH_SEARCH_PATHS = (
					"$(inherited)",
					"@executable_path/Frameworks",
				);
				PRODUCT_BUNDLE_IDENTIFIER = com.brunosilva.CriticalTechworks;
				PRODUCT_NAME = "$(TARGET_NAME)";
				SWIFT_VERSION = 4.2;
				TARGETED_DEVICE_FAMILY = "1,2";
			};
			name = Debug;
		};
		7E414207219EE66600ADFA76 /* Release */ = {
			isa = XCBuildConfiguration;
			buildSettings = {
				ASSETCATALOG_COMPILER_APPICON_NAME = AppIcon;
				CODE_SIGN_STYLE = Automatic;
				DEVELOPMENT_TEAM = CEWUHN7W92;
				INFOPLIST_FILE = "$(SRCROOT)/CriticalTechworks/Info.plist";
				IPHONEOS_DEPLOYMENT_TARGET = 11.0;
				LD_RUNPATH_SEARCH_PATHS = (
					"$(inherited)",
					"@executable_path/Frameworks",
				);
				PRODUCT_BUNDLE_IDENTIFIER = com.brunosilva.CriticalTechworks;
				PRODUCT_NAME = "$(TARGET_NAME)";
				SWIFT_VERSION = 4.2;
				TARGETED_DEVICE_FAMILY = "1,2";
			};
			name = Release;
		};
		7E414209219EE66600ADFA76 /* Debug */ = {
			isa = XCBuildConfiguration;
			buildSettings = {
				ALWAYS_EMBED_SWIFT_STANDARD_LIBRARIES = YES;
				BUNDLE_LOADER = "$(TEST_HOST)";
				CODE_SIGN_STYLE = Automatic;
				DEVELOPMENT_TEAM = E4WPGTUQAN;
				INFOPLIST_FILE = MarvelTests/Info.plist;
				LD_RUNPATH_SEARCH_PATHS = (
					"$(inherited)",
					"@executable_path/Frameworks",
					"@loader_path/Frameworks",
				);
				PRODUCT_BUNDLE_IDENTIFIER = com.brunosilva.MarvelTests;
				PRODUCT_NAME = "$(TARGET_NAME)";
				SWIFT_VERSION = 4.2;
				TARGETED_DEVICE_FAMILY = "1,2";
				TEST_HOST = "$(BUILT_PRODUCTS_DIR)/CriticalTechWorks.app/CriticalTechWorks";
			};
			name = Debug;
		};
		7E41420A219EE66600ADFA76 /* Release */ = {
			isa = XCBuildConfiguration;
			buildSettings = {
				ALWAYS_EMBED_SWIFT_STANDARD_LIBRARIES = YES;
				BUNDLE_LOADER = "$(TEST_HOST)";
				CODE_SIGN_STYLE = Automatic;
				DEVELOPMENT_TEAM = E4WPGTUQAN;
				INFOPLIST_FILE = MarvelTests/Info.plist;
				LD_RUNPATH_SEARCH_PATHS = (
					"$(inherited)",
					"@executable_path/Frameworks",
					"@loader_path/Frameworks",
				);
				PRODUCT_BUNDLE_IDENTIFIER = com.brunosilva.MarvelTests;
				PRODUCT_NAME = "$(TARGET_NAME)";
				SWIFT_VERSION = 4.2;
				TARGETED_DEVICE_FAMILY = "1,2";
				TEST_HOST = "$(BUILT_PRODUCTS_DIR)/CriticalTechWorks.app/CriticalTechWorks";
			};
			name = Release;
		};
/* End XCBuildConfiguration section */

/* Begin XCConfigurationList section */
		7E4141E3219EE66000ADFA76 /* Build configuration list for PBXProject "CriticalTechWorks" */ = {
			isa = XCConfigurationList;
			buildConfigurations = (
				7E414203219EE66600ADFA76 /* Debug */,
				7E414204219EE66600ADFA76 /* Release */,
			);
			defaultConfigurationIsVisible = 0;
			defaultConfigurationName = Release;
		};
		7E414205219EE66600ADFA76 /* Build configuration list for PBXNativeTarget "CriticalTechWorks" */ = {
			isa = XCConfigurationList;
			buildConfigurations = (
				7E414206219EE66600ADFA76 /* Debug */,
				7E414207219EE66600ADFA76 /* Release */,
			);
			defaultConfigurationIsVisible = 0;
			defaultConfigurationName = Release;
		};
		7E414208219EE66600ADFA76 /* Build configuration list for PBXNativeTarget "CriticalTechWorksTests" */ = {
			isa = XCConfigurationList;
			buildConfigurations = (
				7E414209219EE66600ADFA76 /* Debug */,
				7E41420A219EE66600ADFA76 /* Release */,
			);
			defaultConfigurationIsVisible = 0;
			defaultConfigurationName = Release;
		};
/* End XCConfigurationList section */
	};
	rootObject = 7E4141E0219EE66000ADFA76 /* Project object */;
}
